// !$*UTF8*$!
{
	archiveVersion = 1;
	classes = {
	};
	objectVersion = 50;
	objects = {

/* Begin PBXBuildFile section */
		4E53B7F720ED553900C6550C /* Scene.sks in Resources */ = {isa = PBXBuildFile; fileRef = 4E53B7F620ED553900C6550C /* Scene.sks */; };
		4E53B7F920F165DE00C6550C /* Board.swift in Sources */ = {isa = PBXBuildFile; fileRef = 4E53B7F820F165DE00C6550C /* Board.swift */; };
		4EA241A520F5B697008B473D /* Tile.swift in Sources */ = {isa = PBXBuildFile; fileRef = 4EA241A420F5B697008B473D /* Tile.swift */; };
		4ECA69A520D235EC0064FB41 /* AppDelegate.swift in Sources */ = {isa = PBXBuildFile; fileRef = 4ECA69A420D235EC0064FB41 /* AppDelegate.swift */; };
		4ECA69AA20D235EC0064FB41 /* Main.storyboard in Resources */ = {isa = PBXBuildFile; fileRef = 4ECA69A820D235EC0064FB41 /* Main.storyboard */; };
		4ECA69AC20D235EF0064FB41 /* Assets.xcassets in Resources */ = {isa = PBXBuildFile; fileRef = 4ECA69AB20D235EF0064FB41 /* Assets.xcassets */; };
		4ECA69AF20D235EF0064FB41 /* Launch.storyboard in Resources */ = {isa = PBXBuildFile; fileRef = 4ECA69AD20D235EF0064FB41 /* Launch.storyboard */; };
		4ECA69DE20D247D40064FB41 /* SpriteKit.framework in Frameworks */ = {isa = PBXBuildFile; fileRef = 4ECA69DD20D247D40064FB41 /* SpriteKit.framework */; };
		4EE510C620F70E15004A6615 /* Select.swift in Sources */ = {isa = PBXBuildFile; fileRef = 4EE510C520F70E15004A6615 /* Select.swift */; };
/* End PBXBuildFile section */

/* Begin PBXFileReference section */
		4E53B7F620ED553900C6550C /* Scene.sks */ = {isa = PBXFileReference; lastKnownFileType = file.sks; path = Scene.sks; sourceTree = "<group>"; };
		4E53B7F820F165DE00C6550C /* Board.swift */ = {isa = PBXFileReference; lastKnownFileType = sourcecode.swift; path = Board.swift; sourceTree = "<group>"; };
		4EA241A420F5B697008B473D /* Tile.swift */ = {isa = PBXFileReference; lastKnownFileType = sourcecode.swift; path = Tile.swift; sourceTree = "<group>"; };
		4ECA69A120D235EC0064FB41 /* Tiles.app */ = {isa = PBXFileReference; explicitFileType = wrapper.application; includeInIndex = 0; path = Tiles.app; sourceTree = BUILT_PRODUCTS_DIR; };
		4ECA69A420D235EC0064FB41 /* AppDelegate.swift */ = {isa = PBXFileReference; lastKnownFileType = sourcecode.swift; path = AppDelegate.swift; sourceTree = "<group>"; };
		4ECA69A920D235EC0064FB41 /* Base */ = {isa = PBXFileReference; lastKnownFileType = file.storyboard; name = Base; path = Base.lproj/Main.storyboard; sourceTree = "<group>"; };
		4ECA69AB20D235EF0064FB41 /* Assets.xcassets */ = {isa = PBXFileReference; lastKnownFileType = folder.assetcatalog; path = Assets.xcassets; sourceTree = "<group>"; };
		4ECA69AE20D235EF0064FB41 /* Base */ = {isa = PBXFileReference; lastKnownFileType = file.storyboard; name = Base; path = Base.lproj/Launch.storyboard; sourceTree = "<group>"; };
		4ECA69B020D235EF0064FB41 /* Info.plist */ = {isa = PBXFileReference; lastKnownFileType = text.plist.xml; path = Info.plist; sourceTree = "<group>"; };
		4ECA69DD20D247D40064FB41 /* SpriteKit.framework */ = {isa = PBXFileReference; lastKnownFileType = wrapper.framework; name = SpriteKit.framework; path = System/Library/Frameworks/SpriteKit.framework; sourceTree = SDKROOT; };
		4EE510C520F70E15004A6615 /* Select.swift */ = {isa = PBXFileReference; lastKnownFileType = sourcecode.swift; path = Select.swift; sourceTree = "<group>"; };
/* End PBXFileReference section */

/* Begin PBXFrameworksBuildPhase section */
		4ECA699E20D235EC0064FB41 /* Frameworks */ = {
			isa = PBXFrameworksBuildPhase;
			buildActionMask = 2147483647;
			files = (
				4ECA69DE20D247D40064FB41 /* SpriteKit.framework in Frameworks */,
			);
			runOnlyForDeploymentPostprocessing = 0;
		};
/* End PBXFrameworksBuildPhase section */

/* Begin PBXGroup section */
		4ECA699820D235EC0064FB41 = {
			isa = PBXGroup;
			children = (
				4ECA69A320D235EC0064FB41 /* Tiles */,
				4ECA69A220D235EC0064FB41 /* Products */,
				4ECA69DC20D247D30064FB41 /* Frameworks */,
			);
			sourceTree = "<group>";
		};
		4ECA69A220D235EC0064FB41 /* Products */ = {
			isa = PBXGroup;
			children = (
				4ECA69A120D235EC0064FB41 /* Tiles.app */,
			);
			name = Products;
			sourceTree = "<group>";
		};
		4ECA69A320D235EC0064FB41 /* Tiles */ = {
			isa = PBXGroup;
			children = (
				4ECA69A420D235EC0064FB41 /* AppDelegate.swift */,
				4ECA69A820D235EC0064FB41 /* Main.storyboard */,
				4ECA69AB20D235EF0064FB41 /* Assets.xcassets */,
				4ECA69AD20D235EF0064FB41 /* Launch.storyboard */,
				4ECA69B020D235EF0064FB41 /* Info.plist */,
				4E53B7F620ED553900C6550C /* Scene.sks */,
				4E53B7F820F165DE00C6550C /* Board.swift */,
				4EA241A420F5B697008B473D /* Tile.swift */,
				4EE510C520F70E15004A6615 /* Select.swift */,
			);
			path = Tiles;
			sourceTree = "<group>";
		};
		4ECA69DC20D247D30064FB41 /* Frameworks */ = {
			isa = PBXGroup;
			children = (
				4ECA69DD20D247D40064FB41 /* SpriteKit.framework */,
			);
			name = Frameworks;
			sourceTree = "<group>";
		};
/* End PBXGroup section */

/* Begin PBXNativeTarget section */
		4ECA69A020D235EC0064FB41 /* Tiles */ = {
			isa = PBXNativeTarget;
			buildConfigurationList = 4ECA69B320D235EF0064FB41 /* Build configuration list for PBXNativeTarget "Tiles" */;
			buildPhases = (
				4E6442D620F5E1CF000DDD97 /* ShellScript */,
				4ECA699D20D235EC0064FB41 /* Sources */,
				4ECA699E20D235EC0064FB41 /* Frameworks */,
				4ECA699F20D235EC0064FB41 /* Resources */,
			);
			buildRules = (
			);
			dependencies = (
			);
			name = Tiles;
			productName = Tiles;
			productReference = 4ECA69A120D235EC0064FB41 /* Tiles.app */;
			productType = "com.apple.product-type.application";
		};
/* End PBXNativeTarget section */

/* Begin PBXProject section */
		4ECA699920D235EC0064FB41 /* Project object */ = {
			isa = PBXProject;
			attributes = {
				LastSwiftUpdateCheck = 0940;
				LastUpgradeCheck = 0940;
				ORGANIZATIONNAME = Jon;
				TargetAttributes = {
					4ECA69A020D235EC0064FB41 = {
						CreatedOnToolsVersion = 9.4;
					};
				};
			};
			buildConfigurationList = 4ECA699C20D235EC0064FB41 /* Build configuration list for PBXProject "Tiles" */;
			compatibilityVersion = "Xcode 9.3";
			developmentRegion = en;
			hasScannedForEncodings = 0;
			knownRegions = (
				en,
				Base,
			);
			mainGroup = 4ECA699820D235EC0064FB41;
			productRefGroup = 4ECA69A220D235EC0064FB41 /* Products */;
			projectDirPath = "";
			projectRoot = "";
			targets = (
				4ECA69A020D235EC0064FB41 /* Tiles */,
			);
		};
/* End PBXProject section */

/* Begin PBXResourcesBuildPhase section */
		4ECA699F20D235EC0064FB41 /* Resources */ = {
			isa = PBXResourcesBuildPhase;
			buildActionMask = 2147483647;
			files = (
				4ECA69AF20D235EF0064FB41 /* Launch.storyboard in Resources */,
				4ECA69AC20D235EF0064FB41 /* Assets.xcassets in Resources */,
				4E53B7F720ED553900C6550C /* Scene.sks in Resources */,
				4ECA69AA20D235EC0064FB41 /* Main.storyboard in Resources */,
			);
			runOnlyForDeploymentPostprocessing = 0;
		};
/* End PBXResourcesBuildPhase section */

/* Begin PBXShellScriptBuildPhase section */
		4E6442D620F5E1CF000DDD97 /* ShellScript */ = {
			isa = PBXShellScriptBuildPhase;
			buildActionMask = 2147483647;
			files = (
			);
			inputPaths = (
			);
			outputPaths = (
			);
			runOnlyForDeploymentPostprocessing = 0;
			shellPath = /bin/sh;
			shellScript = "swiftformat .";
		};
/* End PBXShellScriptBuildPhase section */

/* Begin PBXSourcesBuildPhase section */
		4ECA699D20D235EC0064FB41 /* Sources */ = {
			isa = PBXSourcesBuildPhase;
			buildActionMask = 2147483647;
			files = (
				4EA241A520F5B697008B473D /* Tile.swift in Sources */,
				4E53B7F920F165DE00C6550C /* Board.swift in Sources */,
				4ECA69A520D235EC0064FB41 /* AppDelegate.swift in Sources */,
				4EE510C620F70E15004A6615 /* Select.swift in Sources */,
			);
			runOnlyForDeploymentPostprocessing = 0;
		};
/* End PBXSourcesBuildPhase section */

/* Begin PBXVariantGroup section */
		4ECA69A820D235EC0064FB41 /* Main.storyboard */ = {
			isa = PBXVariantGroup;
			children = (
				4ECA69A920D235EC0064FB41 /* Base */,
			);
			name = Main.storyboard;
			sourceTree = "<group>";
		};
		4ECA69AD20D235EF0064FB41 /* Launch.storyboard */ = {
			isa = PBXVariantGroup;
			children = (
				4ECA69AE20D235EF0064FB41 /* Base */,
			);
			name = Launch.storyboard;
			sourceTree = "<group>";
		};
/* End PBXVariantGroup section */

/* Begin XCBuildConfiguration section */
		4ECA69B120D235EF0064FB41 /* Debug */ = {
			isa = XCBuildConfiguration;
			buildSettings = {
				ALWAYS_SEARCH_USER_PATHS = NO;
				CLANG_ANALYZER_NONNULL = YES;
				CLANG_ANALYZER_NUMBER_OBJECT_CONVERSION = YES_AGGRESSIVE;
				CLANG_CXX_LANGUAGE_STANDARD = "gnu++14";
				CLANG_CXX_LIBRARY = "libc++";
				CLANG_ENABLE_MODULES = YES;
				CLANG_ENABLE_OBJC_ARC = YES;
				CLANG_ENABLE_OBJC_WEAK = YES;
				CLANG_WARN_BLOCK_CAPTURE_AUTORELEASING = YES;
				CLANG_WARN_BOOL_CONVERSION = YES;
				CLANG_WARN_COMMA = YES;
				CLANG_WARN_CONSTANT_CONVERSION = YES;
				CLANG_WARN_DEPRECATED_OBJC_IMPLEMENTATIONS = YES;
				CLANG_WARN_DIRECT_OBJC_ISA_USAGE = YES_ERROR;
				CLANG_WARN_DOCUMENTATION_COMMENTS = YES;
				CLANG_WARN_EMPTY_BODY = YES;
				CLANG_WARN_ENUM_CONVERSION = YES;
				CLANG_WARN_INFINITE_RECURSION = YES;
				CLANG_WARN_INT_CONVERSION = YES;
				CLANG_WARN_NON_LITERAL_NULL_CONVERSION = YES;
				CLANG_WARN_OBJC_IMPLICIT_RETAIN_SELF = YES;
				CLANG_WARN_OBJC_LITERAL_CONVERSION = YES;
				CLANG_WARN_OBJC_ROOT_CLASS = YES_ERROR;
				CLANG_WARN_RANGE_LOOP_ANALYSIS = YES;
				CLANG_WARN_STRICT_PROTOTYPES = YES;
				CLANG_WARN_SUSPICIOUS_MOVE = YES;
				CLANG_WARN_UNGUARDED_AVAILABILITY = YES_AGGRESSIVE;
				CLANG_WARN_UNREACHABLE_CODE = YES;
				CLANG_WARN__DUPLICATE_METHOD_MATCH = YES;
				CODE_SIGN_IDENTITY = "iPhone Developer";
				COPY_PHASE_STRIP = NO;
				DEBUG_INFORMATION_FORMAT = dwarf;
				ENABLE_STRICT_OBJC_MSGSEND = YES;
				ENABLE_TESTABILITY = YES;
				GCC_C_LANGUAGE_STANDARD = gnu11;
				GCC_DYNAMIC_NO_PIC = NO;
				GCC_NO_COMMON_BLOCKS = YES;
				GCC_OPTIMIZATION_LEVEL = 0;
				GCC_PREPROCESSOR_DEFINITIONS = (
					"DEBUG=1",
					"$(inherited)",
				);
				GCC_WARN_64_TO_32_BIT_CONVERSION = YES;
				GCC_WARN_ABOUT_RETURN_TYPE = YES_ERROR;
				GCC_WARN_UNDECLARED_SELECTOR = YES;
				GCC_WARN_UNINITIALIZED_AUTOS = YES_AGGRESSIVE;
				GCC_WARN_UNUSED_FUNCTION = YES;
				GCC_WARN_UNUSED_VARIABLE = YES;
				IPHONEOS_DEPLOYMENT_TARGET = 11.4;
				MTL_ENABLE_DEBUG_INFO = YES;
				ONLY_ACTIVE_ARCH = YES;
				SDKROOT = iphoneos;
				SWIFT_ACTIVE_COMPILATION_CONDITIONS = DEBUG;
				SWIFT_OPTIMIZATION_LEVEL = "-Onone";
			};
			name = Debug;
		};
		4ECA69B220D235EF0064FB41 /* Release */ = {
			isa = XCBuildConfiguration;
			buildSettings = {
				ALWAYS_SEARCH_USER_PATHS = NO;
				CLANG_ANALYZER_NONNULL = YES;
				CLANG_ANALYZER_NUMBER_OBJECT_CONVERSION = YES_AGGRESSIVE;
				CLANG_CXX_LANGUAGE_STANDARD = "gnu++14";
				CLANG_CXX_LIBRARY = "libc++";
				CLANG_ENABLE_MODULES = YES;
				CLANG_ENABLE_OBJC_ARC = YES;
				CLANG_ENABLE_OBJC_WEAK = YES;
				CLANG_WARN_BLOCK_CAPTURE_AUTORELEASING = YES;
				CLANG_WARN_BOOL_CONVERSION = YES;
				CLANG_WARN_COMMA = YES;
				CLANG_WARN_CONSTANT_CONVERSION = YES;
				CLANG_WARN_DEPRECATED_OBJC_IMPLEMENTATIONS = YES;
				CLANG_WARN_DIRECT_OBJC_ISA_USAGE = YES_ERROR;
				CLANG_WARN_DOCUMENTATION_COMMENTS = YES;
				CLANG_WARN_EMPTY_BODY = YES;
				CLANG_WARN_ENUM_CONVERSION = YES;
				CLANG_WARN_INFINITE_RECURSION = YES;
				CLANG_WARN_INT_CONVERSION = YES;
				CLANG_WARN_NON_LITERAL_NULL_CONVERSION = YES;
				CLANG_WARN_OBJC_IMPLICIT_RETAIN_SELF = YES;
				CLANG_WARN_OBJC_LITERAL_CONVERSION = YES;
				CLANG_WARN_OBJC_ROOT_CLASS = YES_ERROR;
				CLANG_WARN_RANGE_LOOP_ANALYSIS = YES;
				CLANG_WARN_STRICT_PROTOTYPES = YES;
				CLANG_WARN_SUSPICIOUS_MOVE = YES;
				CLANG_WARN_UNGUARDED_AVAILABILITY = YES_AGGRESSIVE;
				CLANG_WARN_UNREACHABLE_CODE = YES;
				CLANG_WARN__DUPLICATE_METHOD_MATCH = YES;
				CODE_SIGN_IDENTITY = "iPhone Developer";
				COPY_PHASE_STRIP = NO;
				DEBUG_INFORMATION_FORMAT = "dwarf-with-dsym";
				ENABLE_NS_ASSERTIONS = NO;
				ENABLE_STRICT_OBJC_MSGSEND = YES;
				GCC_C_LANGUAGE_STANDARD = gnu11;
				GCC_NO_COMMON_BLOCKS = YES;
				GCC_WARN_64_TO_32_BIT_CONVERSION = YES;
				GCC_WARN_ABOUT_RETURN_TYPE = YES_ERROR;
				GCC_WARN_UNDECLARED_SELECTOR = YES;
				GCC_WARN_UNINITIALIZED_AUTOS = YES_AGGRESSIVE;
				GCC_WARN_UNUSED_FUNCTION = YES;
				GCC_WARN_UNUSED_VARIABLE = YES;
				IPHONEOS_DEPLOYMENT_TARGET = 11.4;
				MTL_ENABLE_DEBUG_INFO = NO;
				SDKROOT = iphoneos;
				SWIFT_COMPILATION_MODE = wholemodule;
				SWIFT_OPTIMIZATION_LEVEL = "-O";
				VALIDATE_PRODUCT = YES;
			};
			name = Release;
		};
		4ECA69B420D235EF0064FB41 /* Debug */ = {
			isa = XCBuildConfiguration;
			buildSettings = {
				ASSETCATALOG_COMPILER_APPICON_NAME = AppIcon;
				CODE_SIGN_STYLE = Automatic;
				INFOPLIST_FILE = Tiles/Info.plist;
				LD_RUNPATH_SEARCH_PATHS = (
					"$(inherited)",
					"@executable_path/Frameworks",
				);
				PRODUCT_BUNDLE_IDENTIFIER = com.example.Tiles;
				PRODUCT_NAME = "$(TARGET_NAME)";
				SWIFT_VERSION = 4.0;
				TARGETED_DEVICE_FAMILY = 1;
			};
			name = Debug;
		};
		4ECA69B520D235EF0064FB41 /* Release */ = {
			isa = XCBuildConfiguration;
			buildSettings = {
				ASSETCATALOG_COMPILER_APPICON_NAME = AppIcon;
				CODE_SIGN_STYLE = Automatic;
				INFOPLIST_FILE = Tiles/Info.plist;
				LD_RUNPATH_SEARCH_PATHS = (
					"$(inherited)",
					"@executable_path/Frameworks",
				);
				PRODUCT_BUNDLE_IDENTIFIER = com.example.Tiles;
				PRODUCT_NAME = "$(TARGET_NAME)";
				SWIFT_VERSION = 4.0;
				TARGETED_DEVICE_FAMILY = 1;
			};
			name = Release;
		};
/* End XCBuildConfiguration section */

/* Begin XCConfigurationList section */
		4ECA699C20D235EC0064FB41 /* Build configuration list for PBXProject "Tiles" */ = {
			isa = XCConfigurationList;
			buildConfigurations = (
				4ECA69B120D235EF0064FB41 /* Debug */,
				4ECA69B220D235EF0064FB41 /* Release */,
			);
			defaultConfigurationIsVisible = 0;
			defaultConfigurationName = Release;
		};
		4ECA69B320D235EF0064FB41 /* Build configuration list for PBXNativeTarget "Tiles" */ = {
			isa = XCConfigurationList;
			buildConfigurations = (
				4ECA69B420D235EF0064FB41 /* Debug */,
				4ECA69B520D235EF0064FB41 /* Release */,
			);
			defaultConfigurationIsVisible = 0;
			defaultConfigurationName = Release;
		};
/* End XCConfigurationList section */
	};
	rootObject = 4ECA699920D235EC0064FB41 /* Project object */;
}
